
Microsoft Visual Studio Solution File, Format Version 12.00
# Visual Studio Version 17
VisualStudioVersion = 17.7.34031.279
MinimumVisualStudioVersion = 10.0.40219.1
Project("{8BC9CEB8-8B4A-11D0-8D11-00A0C91BC942}") = "wikipedia", "wikipedia\wikipedia.vcxproj", "{1E2BD439-1861-4FC0-B5C6-1279DC65F0D0}"
EndProject
Global
	GlobalSection(SolutionConfigurationPlatforms) = preSolution
		Debug|x64 = Debug|x64
		Debug|x86 = Debug|x86
		Release|x64 = Release|x64
		Release|x86 = Release|x86
	EndGlobalSection
	GlobalSection(ProjectConfigurationPlatforms) = postSolution
		{1E2BD439-1861-4FC0-B5C6-1279DC65F0D0}.Debug|x64.ActiveCfg = Debug|x64
		{1E2BD439-1861-4FC0-B5C6-1279DC65F0D0}.Debug|x64.Build.0 = Debug|x64
		{1E2BD439-1861-4FC0-B5C6-1279DC65F0D0}.Debug|x86.ActiveCfg = Debug|Win32
		{1E2BD439-1861-4FC0-B5C6-1279DC65F0D0}.Debug|x86.Build.0 = Debug|Win32
		{1E2BD439-1861-4FC0-B5C6-1279DC65F0D0}.Release|x64.ActiveCfg = Release|x64
		{1E2BD439-1861-4FC0-B5C6-1279DC65F0D0}.Release|x64.Build.0 = Release|x64
		{1E2BD439-1861-4FC0-B5C6-1279DC65F0D0}.Release|x86.ActiveCfg = Release|Win32
		{1E2BD439-1861-4FC0-B5C6-1279DC65F0D0}.Release|x86.Build.0 = Release|Win32
	EndGlobalSection
	GlobalSection(SolutionProperties) = preSolution
		HideSolutionNode = FALSE
	EndGlobalSection
	GlobalSection(ExtensibilityGlobals) = postSolution
		SolutionGuid = {C9F8BC48-B562-4B23-834A-39886BBC1A95}
	EndGlobalSection
EndGlobal
